version = 1
requires-python = ">=3.13"

[[package]]
name = "iterfzf"
version = "1.7.0.62.0"
source = { registry = "https://pypi.org/simple" }
sdist = { url = "https://files.pythonhosted.org/packages/9e/98/7c2f37102de754deb131876194951f709e3a14aec929e2f3f53929cc2108/iterfzf-1.7.0.62.0.tar.gz", hash = "sha256:f53122e628b20cde218e244fb5d00a9be73abb1f0ba6c76755dcdbc31e822231", size = 1827509 }
wheels = [
    { url = "https://files.pythonhosted.org/packages/db/cc/07dce7c7e176dcf0a18735889e7c3875c07e0e0f1cd41ae25f7c56186c98/iterfzf-1.7.0.62.0-py3-none-macosx_10_7_x86_64.macosx_10_9_x86_64.whl", hash = "sha256:e1599e9573796571ae7b978a710f3cba0a0beebc8777126725a2474369f13d5b", size = 1705497 },
    { url = "https://files.pythonhosted.org/packages/c0/98/6f119a69bd649952a34523e257885520a2bbdc6447a701dfe83201cfc3c4/iterfzf-1.7.0.62.0-py3-none-macosx_11_0_arm64.whl", hash = "sha256:e77dd1627175902ba830e1e3b3049fffd6101fc2c309df684b8c750800b63d9f", size = 1618607 },
    { url = "https://files.pythonhosted.org/packages/88/62/87a612acd21a7f30fb4e40fe3972e07f2ef2a68c6bad803de05f8c1d7770/iterfzf-1.7.0.62.0-py3-none-manylinux_1_2_aarch64.manylinux_2_17_aarch64.manylinux2014_aarch64.whl", hash = "sha256:78d737e62abca67f51c0aecc4a41e3b3e00233403752def43600297f7da811ae", size = 1485830 },
    { url = "https://files.pythonhosted.org/packages/8c/66/13f339d1780be56f92e63e3fbae707739a5051a35adfa4dcda0b98560aee/iterfzf-1.7.0.62.0-py3-none-manylinux_1_2_x86_64.manylinux_2_17_x86_64.manylinux2014_x86_64.whl", hash = "sha256:c90f36f3d8925a7cb39a9394eb5358008b9a9f188de61699c3313a02ab1721ed", size = 1609949 },
    { url = "https://files.pythonhosted.org/packages/9d/68/72c360043ce9d5fbebac9054f234fb55fac6812a19d4a5ef9e2d278cf094/iterfzf-1.7.0.62.0-py3-none-manylinux_2_17_ppc64le.manylinux2014_ppc64le.whl", hash = "sha256:ce7252ac1911aa57b2ab647cf0f04a1621cb79c37c20175724b6f540a900092d", size = 1482926 },
    { url = "https://files.pythonhosted.org/packages/79/b1/5ddf580c62c0ba3d0da2412f665b743fd8b789268a17de10fdae99a1f447/iterfzf-1.7.0.62.0-py3-none-manylinux_2_17_s390x.manylinux2014_s390x.whl", hash = "sha256:98c594311173aca1d3f74d84c4278d930e80a532c79fcd1bdbc80a16949144a6", size = 1604339 },
    { url = "https://files.pythonhosted.org/packages/d3/5c/56b1908d1e0eb9944380ebe2a4c14cdd8d4c89e5482b95e48a16ef2e8f05/iterfzf-1.7.0.62.0-py3-none-win_amd64.whl", hash = "sha256:740c1a0a7e6ca77dc0b5cb9d5354084e2728bd13a8cfb152917a26ca33f98bd9", size = 1833604 },
    { url = "https://files.pythonhosted.org/packages/84/4c/eb9ce25c02d974441d6aed9c18a142f209be1f91a6dc06cd55cc7ba7b9ab/iterfzf-1.7.0.62.0-py3-none-win_arm64.whl", hash = "sha256:e3c6890d2c7339e172651dfc2ef235a698f6187b73c72d91ba67a9c7b1fe1bf8", size = 1689545 },
]

[[package]]
name = "wt"
version = "0.1.0"
source = { virtual = "." }
dependencies = [
    { name = "iterfzf" },
]

[package.metadata]
requires-dist = [{ name = "iterfzf", specifier = ">=1.7.0.62.0" }]
